
Microsoft Visual Studio Solution File, Format Version 12.00
# Visual Studio Version 16
VisualStudioVersion = 16.0.30413.136
MinimumVisualStudioVersion = 10.0.40219.1
Project("{9A19103F-16F7-4668-BE54-9A1E7A4F7556}") = "InformationCenter", "InformationCenter\InformationCenter.csproj", "{195CB76F-D68E-48A2-A712-A8B5F3E4A16A}"
EndProject
Project("{00D1A9C2-B5F0-4AF3-8072-F6C62B433612}") = "InformationCenterDB", "InformationCenterDB\InformationCenterDB.sqlproj", "{3A5EBD6B-8138-4CC2-AD13-BBE69812B8F2}"
EndProject
Project("{FAE04EC0-301F-11D3-BF4B-00C04F79EFBC}") = "InformationCenterUI", "InformationCenterUI\InformationCenterUI.csproj", "{C31A03C3-1AC0-44E2-94CD-3BD2538F06CA}"
EndProject
Global
	GlobalSection(SolutionConfigurationPlatforms) = preSolution
		Debug|Any CPU = Debug|Any CPU
		Release|Any CPU = Release|Any CPU
	EndGlobalSection
	GlobalSection(ProjectConfigurationPlatforms) = postSolution
		{195CB76F-D68E-48A2-A712-A8B5F3E4A16A}.Debug|Any CPU.ActiveCfg = Debug|Any CPU
		{195CB76F-D68E-48A2-A712-A8B5F3E4A16A}.Debug|Any CPU.Build.0 = Debug|Any CPU
		{195CB76F-D68E-48A2-A712-A8B5F3E4A16A}.Release|Any CPU.ActiveCfg = Release|Any CPU
		{195CB76F-D68E-48A2-A712-A8B5F3E4A16A}.Release|Any CPU.Build.0 = Release|Any CPU
		{3A5EBD6B-8138-4CC2-AD13-BBE69812B8F2}.Debug|Any CPU.ActiveCfg = Debug|Any CPU
		{3A5EBD6B-8138-4CC2-AD13-BBE69812B8F2}.Debug|Any CPU.Build.0 = Debug|Any CPU
		{3A5EBD6B-8138-4CC2-AD13-BBE69812B8F2}.Debug|Any CPU.Deploy.0 = Debug|Any CPU
		{3A5EBD6B-8138-4CC2-AD13-BBE69812B8F2}.Release|Any CPU.ActiveCfg = Release|Any CPU
		{3A5EBD6B-8138-4CC2-AD13-BBE69812B8F2}.Release|Any CPU.Build.0 = Release|Any CPU
		{3A5EBD6B-8138-4CC2-AD13-BBE69812B8F2}.Release|Any CPU.Deploy.0 = Release|Any CPU
		{C31A03C3-1AC0-44E2-94CD-3BD2538F06CA}.Debug|Any CPU.ActiveCfg = Debug|Any CPU
		{C31A03C3-1AC0-44E2-94CD-3BD2538F06CA}.Debug|Any CPU.Build.0 = Debug|Any CPU
		{C31A03C3-1AC0-44E2-94CD-3BD2538F06CA}.Release|Any CPU.ActiveCfg = Release|Any CPU
		{C31A03C3-1AC0-44E2-94CD-3BD2538F06CA}.Release|Any CPU.Build.0 = Release|Any CPU
	EndGlobalSection
	GlobalSection(SolutionProperties) = preSolution
		HideSolutionNode = FALSE
	EndGlobalSection
	GlobalSection(ExtensibilityGlobals) = postSolution
		SolutionGuid = {696173E9-9804-4EE4-A7FA-2CB785CD37F5}
	EndGlobalSection
EndGlobal
